
Microsoft Visual Studio Solution File, Format Version 12.00
# Visual Studio Version 17
VisualStudioVersion = 17.14.36017.23
MinimumVisualStudioVersion = 10.0.40219.1
Project("{FAE04EC0-301F-11D3-BF4B-00C04F79EFBC}") = "eTicketBangladesh Railway", "eTicket - Bangladesh Railway\eTicketBangladesh Railway.csproj", "{B9498A0C-F6DD-4F2F-B4C4-FB22C2265DC9}"
EndProject
Global
	GlobalSection(SolutionConfigurationPlatforms) = preSolution
		Debug|Any CPU = Debug|Any CPU
		Release|Any CPU = Release|Any CPU
	EndGlobalSection
	GlobalSection(ProjectConfigurationPlatforms) = postSolution
		{B9498A0C-F6DD-4F2F-B4C4-FB22C2265DC9}.Debug|Any CPU.ActiveCfg = Debug|Any CPU
		{B9498A0C-F6DD-4F2F-B4C4-FB22C2265DC9}.Debug|Any CPU.Build.0 = Debug|Any CPU
		{B9498A0C-F6DD-4F2F-B4C4-FB22C2265DC9}.Release|Any CPU.ActiveCfg = Release|Any CPU
		{B9498A0C-F6DD-4F2F-B4C4-FB22C2265DC9}.Release|Any CPU.Build.0 = Release|Any CPU
	EndGlobalSection
	GlobalSection(SolutionProperties) = preSolution
		HideSolutionNode = FALSE
	EndGlobalSection
	GlobalSection(ExtensibilityGlobals) = postSolution
		SolutionGuid = {99BBF8F9-EA5E-4C00-9621-1F0EFA4B4F2E}
	EndGlobalSection
EndGlobal
